
Microsoft Visual Studio Solution File, Format Version 12.00
# Visual Studio Version 17
VisualStudioVersion = 17.7.34202.233
MinimumVisualStudioVersion = 10.0.40219.1
Project("{9A19103F-16F7-4668-BE54-9A1E7A4F7556}") = "IntegratedViewModel", "UI\IntegratedViewModel.csproj", "{A7F079C1-18FC-4912-A5A4-A15A51F4C000}"
	ProjectSection(ProjectDependencies) = postProject
		{5F39E7CD-A34B-40ED-A5B7-A9FAA83D729E} = {5F39E7CD-A34B-40ED-A5B7-A9FAA83D729E}
	EndProjectSection
EndProject
Project("{9A19103F-16F7-4668-BE54-9A1E7A4F7556}") = "BLL", "ASAMPLModels\BLL.csproj", "{5F39E7CD-A34B-40ED-A5B7-A9FAA83D729E}"
EndProject
Project("{9A19103F-16F7-4668-BE54-9A1E7A4F7556}") = "test", "test\test.csproj", "{A746D8F4-F8D8-4597-A8B7-74ACC682F25C}"
EndProject
Project("{FAE04EC0-301F-11D3-BF4B-00C04F79EFBC}") = "DAL", "DAL\DAL.csproj", "{254B4DB3-8656-4157-9819-3D1386517189}"
	ProjectSection(ProjectDependencies) = postProject
		{5F39E7CD-A34B-40ED-A5B7-A9FAA83D729E} = {5F39E7CD-A34B-40ED-A5B7-A9FAA83D729E}
	EndProjectSection
EndProject
Global
	GlobalSection(SolutionConfigurationPlatforms) = preSolution
		Debug|Any CPU = Debug|Any CPU
		Release|Any CPU = Release|Any CPU
	EndGlobalSection
	GlobalSection(ProjectConfigurationPlatforms) = postSolution
		{A7F079C1-18FC-4912-A5A4-A15A51F4C000}.Debug|Any CPU.ActiveCfg = Debug|Any CPU
		{A7F079C1-18FC-4912-A5A4-A15A51F4C000}.Debug|Any CPU.Build.0 = Debug|Any CPU
		{A7F079C1-18FC-4912-A5A4-A15A51F4C000}.Release|Any CPU.ActiveCfg = Release|Any CPU
		{A7F079C1-18FC-4912-A5A4-A15A51F4C000}.Release|Any CPU.Build.0 = Release|Any CPU
		{5F39E7CD-A34B-40ED-A5B7-A9FAA83D729E}.Debug|Any CPU.ActiveCfg = Debug|Any CPU
		{5F39E7CD-A34B-40ED-A5B7-A9FAA83D729E}.Debug|Any CPU.Build.0 = Debug|Any CPU
		{5F39E7CD-A34B-40ED-A5B7-A9FAA83D729E}.Release|Any CPU.ActiveCfg = Release|Any CPU
		{5F39E7CD-A34B-40ED-A5B7-A9FAA83D729E}.Release|Any CPU.Build.0 = Release|Any CPU
		{A746D8F4-F8D8-4597-A8B7-74ACC682F25C}.Debug|Any CPU.ActiveCfg = Debug|Any CPU
		{A746D8F4-F8D8-4597-A8B7-74ACC682F25C}.Debug|Any CPU.Build.0 = Debug|Any CPU
		{A746D8F4-F8D8-4597-A8B7-74ACC682F25C}.Release|Any CPU.ActiveCfg = Release|Any CPU
		{A746D8F4-F8D8-4597-A8B7-74ACC682F25C}.Release|Any CPU.Build.0 = Release|Any CPU
		{254B4DB3-8656-4157-9819-3D1386517189}.Debug|Any CPU.ActiveCfg = Debug|Any CPU
		{254B4DB3-8656-4157-9819-3D1386517189}.Debug|Any CPU.Build.0 = Debug|Any CPU
		{254B4DB3-8656-4157-9819-3D1386517189}.Release|Any CPU.ActiveCfg = Release|Any CPU
		{254B4DB3-8656-4157-9819-3D1386517189}.Release|Any CPU.Build.0 = Release|Any CPU
	EndGlobalSection
	GlobalSection(SolutionProperties) = preSolution
		HideSolutionNode = FALSE
	EndGlobalSection
	GlobalSection(ExtensibilityGlobals) = postSolution
		SolutionGuid = {0A720F94-1A68-4193-8A70-6ECE8DD932E8}
	EndGlobalSection
EndGlobal
